
Microsoft Visual Studio Solution File, Format Version 12.00
# Visual Studio Version 17
VisualStudioVersion = 17.7.34221.43
MinimumVisualStudioVersion = 10.0.40219.1
Project("{FAE04EC0-301F-11D3-BF4B-00C04F79EFBC}") = "PasswordManager.Mvc", "PasswordManager.Mvc\PasswordManager.Mvc.csproj", "{35782BC0-A370-4CEF-AEFC-8FE6A7B3CFEC}"
EndProject
Project("{FAE04EC0-301F-11D3-BF4B-00C04F79EFBC}") = "PasswordManager.Data", "PasswordManager.Data\PasswordManager.Data.csproj", "{BACC7649-DEBB-4FCA-9020-B62F65513840}"
EndProject
Project("{FAE04EC0-301F-11D3-BF4B-00C04F79EFBC}") = "PasswordManager.Entity", "PasswordManager.Entity\PasswordManager.Entity.csproj", "{A8FCFF33-C850-4261-98B8-88A327091A7A}"
EndProject
Project("{FAE04EC0-301F-11D3-BF4B-00C04F79EFBC}") = "PasswordManager.Services", "PasswordManager.Services\PasswordManager.Services.csproj", "{A99E97D1-341B-42F4-A5E3-5478B96B2ACF}"
EndProject
Project("{FAE04EC0-301F-11D3-BF4B-00C04F79EFBC}") = "PasswordManager.Shared", "PasswordManager.Shared\PasswordManager.Shared.csproj", "{D1D93FF7-E517-4353-BA02-0B64B916BE5A}"
EndProject
Project("{FAE04EC0-301F-11D3-BF4B-00C04F79EFBC}") = "PasswordManager.RabbitMQAPI", "PasswordManager.RabbitMQAPI\PasswordManager.RabbitMQAPI.csproj", "{70C74CAA-7D9B-4CE1-A30B-57CF7C89F0D1}"
EndProject
Global
	GlobalSection(SolutionConfigurationPlatforms) = preSolution
		Debug|Any CPU = Debug|Any CPU
		Release|Any CPU = Release|Any CPU
	EndGlobalSection
	GlobalSection(ProjectConfigurationPlatforms) = postSolution
		{35782BC0-A370-4CEF-AEFC-8FE6A7B3CFEC}.Debug|Any CPU.ActiveCfg = Debug|Any CPU
		{35782BC0-A370-4CEF-AEFC-8FE6A7B3CFEC}.Debug|Any CPU.Build.0 = Debug|Any CPU
		{35782BC0-A370-4CEF-AEFC-8FE6A7B3CFEC}.Release|Any CPU.ActiveCfg = Release|Any CPU
		{35782BC0-A370-4CEF-AEFC-8FE6A7B3CFEC}.Release|Any CPU.Build.0 = Release|Any CPU
		{BACC7649-DEBB-4FCA-9020-B62F65513840}.Debug|Any CPU.ActiveCfg = Debug|Any CPU
		{BACC7649-DEBB-4FCA-9020-B62F65513840}.Debug|Any CPU.Build.0 = Debug|Any CPU
		{BACC7649-DEBB-4FCA-9020-B62F65513840}.Release|Any CPU.ActiveCfg = Release|Any CPU
		{BACC7649-DEBB-4FCA-9020-B62F65513840}.Release|Any CPU.Build.0 = Release|Any CPU
		{A8FCFF33-C850-4261-98B8-88A327091A7A}.Debug|Any CPU.ActiveCfg = Debug|Any CPU
		{A8FCFF33-C850-4261-98B8-88A327091A7A}.Debug|Any CPU.Build.0 = Debug|Any CPU
		{A8FCFF33-C850-4261-98B8-88A327091A7A}.Release|Any CPU.ActiveCfg = Release|Any CPU
		{A8FCFF33-C850-4261-98B8-88A327091A7A}.Release|Any CPU.Build.0 = Release|Any CPU
		{A99E97D1-341B-42F4-A5E3-5478B96B2ACF}.Debug|Any CPU.ActiveCfg = Debug|Any CPU
		{A99E97D1-341B-42F4-A5E3-5478B96B2ACF}.Debug|Any CPU.Build.0 = Debug|Any CPU
		{A99E97D1-341B-42F4-A5E3-5478B96B2ACF}.Release|Any CPU.ActiveCfg = Release|Any CPU
		{A99E97D1-341B-42F4-A5E3-5478B96B2ACF}.Release|Any CPU.Build.0 = Release|Any CPU
		{D1D93FF7-E517-4353-BA02-0B64B916BE5A}.Debug|Any CPU.ActiveCfg = Debug|Any CPU
		{D1D93FF7-E517-4353-BA02-0B64B916BE5A}.Debug|Any CPU.Build.0 = Debug|Any CPU
		{D1D93FF7-E517-4353-BA02-0B64B916BE5A}.Release|Any CPU.ActiveCfg = Release|Any CPU
		{D1D93FF7-E517-4353-BA02-0B64B916BE5A}.Release|Any CPU.Build.0 = Release|Any CPU
		{70C74CAA-7D9B-4CE1-A30B-57CF7C89F0D1}.Debug|Any CPU.ActiveCfg = Debug|Any CPU
		{70C74CAA-7D9B-4CE1-A30B-57CF7C89F0D1}.Debug|Any CPU.Build.0 = Debug|Any CPU
		{70C74CAA-7D9B-4CE1-A30B-57CF7C89F0D1}.Release|Any CPU.ActiveCfg = Release|Any CPU
		{70C74CAA-7D9B-4CE1-A30B-57CF7C89F0D1}.Release|Any CPU.Build.0 = Release|Any CPU
	EndGlobalSection
	GlobalSection(SolutionProperties) = preSolution
		HideSolutionNode = FALSE
	EndGlobalSection
	GlobalSection(ExtensibilityGlobals) = postSolution
		SolutionGuid = {152CACBC-A3A8-4821-A7A1-AF4FCD48CECA}
	EndGlobalSection
EndGlobal
